
Microsoft Visual Studio Solution File, Format Version 12.00
# Visual Studio Version 16
VisualStudioVersion = 16.0.31624.102
MinimumVisualStudioVersion = 10.0.40219.1
Project("{8BC9CEB8-8B4A-11D0-8D11-00A0C91BC942}") = "FirstWindow", "FirstWindow\FirstWindow.vcxproj", "{FDF3A2B6-D8C8-4160-881E-F5E3A5A7A1AD}"
EndProject
Project("{8BC9CEB8-8B4A-11D0-8D11-00A0C91BC942}") = "Receive", "Receive\Receive.vcxproj", "{4CD76578-8D89-4E3F-82BE-E862844B05CA}"
EndProject
Project("{8BC9CEB8-8B4A-11D0-8D11-00A0C91BC942}") = "Send", "Send\Send.vcxproj", "{B090E710-6FBE-4E9E-91E1-0AD7BE006FD4}"
EndProject
Global
	GlobalSection(SolutionConfigurationPlatforms) = preSolution
		Debug|x64 = Debug|x64
		Debug|x86 = Debug|x86
		Release|x64 = Release|x64
		Release|x86 = Release|x86
	EndGlobalSection
	GlobalSection(ProjectConfigurationPlatforms) = postSolution
		{FDF3A2B6-D8C8-4160-881E-F5E3A5A7A1AD}.Debug|x64.ActiveCfg = Debug|x64
		{FDF3A2B6-D8C8-4160-881E-F5E3A5A7A1AD}.Debug|x64.Build.0 = Debug|x64
		{FDF3A2B6-D8C8-4160-881E-F5E3A5A7A1AD}.Debug|x86.ActiveCfg = Debug|Win32
		{FDF3A2B6-D8C8-4160-881E-F5E3A5A7A1AD}.Debug|x86.Build.0 = Debug|Win32
		{FDF3A2B6-D8C8-4160-881E-F5E3A5A7A1AD}.Release|x64.ActiveCfg = Release|x64
		{FDF3A2B6-D8C8-4160-881E-F5E3A5A7A1AD}.Release|x64.Build.0 = Release|x64
		{FDF3A2B6-D8C8-4160-881E-F5E3A5A7A1AD}.Release|x86.ActiveCfg = Release|Win32
		{FDF3A2B6-D8C8-4160-881E-F5E3A5A7A1AD}.Release|x86.Build.0 = Release|Win32
		{4CD76578-8D89-4E3F-82BE-E862844B05CA}.Debug|x64.ActiveCfg = Debug|x64
		{4CD76578-8D89-4E3F-82BE-E862844B05CA}.Debug|x64.Build.0 = Debug|x64
		{4CD76578-8D89-4E3F-82BE-E862844B05CA}.Debug|x86.ActiveCfg = Debug|Win32
		{4CD76578-8D89-4E3F-82BE-E862844B05CA}.Debug|x86.Build.0 = Debug|Win32
		{4CD76578-8D89-4E3F-82BE-E862844B05CA}.Release|x64.ActiveCfg = Release|x64
		{4CD76578-8D89-4E3F-82BE-E862844B05CA}.Release|x64.Build.0 = Release|x64
		{4CD76578-8D89-4E3F-82BE-E862844B05CA}.Release|x86.ActiveCfg = Release|Win32
		{4CD76578-8D89-4E3F-82BE-E862844B05CA}.Release|x86.Build.0 = Release|Win32
		{B090E710-6FBE-4E9E-91E1-0AD7BE006FD4}.Debug|x64.ActiveCfg = Debug|x64
		{B090E710-6FBE-4E9E-91E1-0AD7BE006FD4}.Debug|x64.Build.0 = Debug|x64
		{B090E710-6FBE-4E9E-91E1-0AD7BE006FD4}.Debug|x86.ActiveCfg = Debug|Win32
		{B090E710-6FBE-4E9E-91E1-0AD7BE006FD4}.Debug|x86.Build.0 = Debug|Win32
		{B090E710-6FBE-4E9E-91E1-0AD7BE006FD4}.Release|x64.ActiveCfg = Release|x64
		{B090E710-6FBE-4E9E-91E1-0AD7BE006FD4}.Release|x64.Build.0 = Release|x64
		{B090E710-6FBE-4E9E-91E1-0AD7BE006FD4}.Release|x86.ActiveCfg = Release|Win32
		{B090E710-6FBE-4E9E-91E1-0AD7BE006FD4}.Release|x86.Build.0 = Release|Win32
	EndGlobalSection
	GlobalSection(SolutionProperties) = preSolution
		HideSolutionNode = FALSE
	EndGlobalSection
	GlobalSection(ExtensibilityGlobals) = postSolution
		SolutionGuid = {BE8EA83F-F59A-43F2-B526-DD4E91170CB4}
	EndGlobalSection
EndGlobal
